{
  "name": "codedrill",
  "version": "1.0.0",
  "lockfileVersion": 3,
  "requires": true,
  "packages": {
    "": {
      "name": "codedrill",
      "version": "1.0.0",
      "license": "ISC",
      "dependencies": {
        "ace-builds": "^1.43.4"
      }
    },
    "node_modules/ace-builds": {
      "version": "1.43.4",
      "resolved": "https://registry.npmjs.org/ace-builds/-/ace-builds-1.43.4.tgz",
      "integrity": "sha512-8hAxVfo2ImICd69BWlZwZlxe9rxDGDjuUhh+WeWgGDvfBCE+r3lkynkQvIovDz4jcMi8O7bsEaFygaDT+h9sBA==",
      "license": "BSD-3-Clause"
    }
  }
}
